
Microsoft Visual Studio Solution File, Format Version 12.00
# Visual Studio Version 16
VisualStudioVersion = 16.0.30907.101
MinimumVisualStudioVersion = 10.0.40219.1
Project("{9A19103F-16F7-4668-BE54-9A1E7A4F7556}") = "OttoDigital", "OttoDigital\OttoDigital.csproj", "{8B9559F9-96DB-4071-A1C8-7CEF947D5C27}"
EndProject
Global
	GlobalSection(SolutionConfigurationPlatforms) = preSolution
		Debug|Any CPU = Debug|Any CPU
		Release|Any CPU = Release|Any CPU
	EndGlobalSection
	GlobalSection(ProjectConfigurationPlatforms) = postSolution
		{8B9559F9-96DB-4071-A1C8-7CEF947D5C27}.Debug|Any CPU.ActiveCfg = Debug|Any CPU
		{8B9559F9-96DB-4071-A1C8-7CEF947D5C27}.Debug|Any CPU.Build.0 = Debug|Any CPU
		{8B9559F9-96DB-4071-A1C8-7CEF947D5C27}.Release|Any CPU.ActiveCfg = Release|Any CPU
		{8B9559F9-96DB-4071-A1C8-7CEF947D5C27}.Release|Any CPU.Build.0 = Release|Any CPU
	EndGlobalSection
	GlobalSection(SolutionProperties) = preSolution
		HideSolutionNode = FALSE
	EndGlobalSection
	GlobalSection(ExtensibilityGlobals) = postSolution
		SolutionGuid = {79C4BA75-0B25-44EF-840F-5F17FB23F4B7}
	EndGlobalSection
EndGlobal
